
Microsoft Visual Studio Solution File, Format Version 12.00
# Visual Studio Version 16
VisualStudioVersion = 16.0.29911.84
MinimumVisualStudioVersion = 10.0.40219.1
Project("{FAE04EC0-301F-11D3-BF4B-00C04F79EFBC}") = "Stationeers-PerishableItems", "Stationeers-PerishableItems\Stationeers-PerishableItems.csproj", "{A96EE0F4-8E38-485C-A50B-90655D464FFF}"
EndProject
Global
	GlobalSection(SolutionConfigurationPlatforms) = preSolution
		Debug|Any CPU = Debug|Any CPU
		Release|Any CPU = Release|Any CPU
	EndGlobalSection
	GlobalSection(ProjectConfigurationPlatforms) = postSolution
		{A96EE0F4-8E38-485C-A50B-90655D464FFF}.Debug|Any CPU.ActiveCfg = Debug|Any CPU
		{A96EE0F4-8E38-485C-A50B-90655D464FFF}.Debug|Any CPU.Build.0 = Debug|Any CPU
		{A96EE0F4-8E38-485C-A50B-90655D464FFF}.Release|Any CPU.ActiveCfg = Release|Any CPU
		{A96EE0F4-8E38-485C-A50B-90655D464FFF}.Release|Any CPU.Build.0 = Release|Any CPU
	EndGlobalSection
	GlobalSection(SolutionProperties) = preSolution
		HideSolutionNode = FALSE
	EndGlobalSection
	GlobalSection(ExtensibilityGlobals) = postSolution
		SolutionGuid = {EB14EC16-50B3-4634-B824-68EC9C939D06}
	EndGlobalSection
EndGlobal
